// !$*UTF8*$!
{
	archiveVersion = 1;
	classes = {
	};
	objectVersion = 55;
	objects = {

/* Begin PBXBuildFile section */
		BCBB7DEC285C458A0067A139 /* main.swift in Sources */ = {isa = PBXBuildFile; fileRef = BCBB7DEB285C458A0067A139 /* main.swift */; };
		BCBB7DF4285C46420067A139 /* NIO in Frameworks */ = {isa = PBXBuildFile; productRef = BCBB7DF3285C46420067A139 /* NIO */; };
		BCE59B73285C4A91006F5029 /* NIO in Frameworks */ = {isa = PBXBuildFile; productRef = BCE59B72285C4A91006F5029 /* NIO */; };
		BCE59B75285C4AB9006F5029 /* TestClientChannelHandler.swift in Sources */ = {isa = PBXBuildFile; fileRef = BCE59B74285C4AB9006F5029 /* TestClientChannelHandler.swift */; };
		BCE59B77285C4BEE006F5029 /* TcpClient.swift in Sources */ = {isa = PBXBuildFile; fileRef = BCE59B76285C4BEE006F5029 /* TcpClient.swift */; };
/* End PBXBuildFile section */

/* Begin PBXCopyFilesBuildPhase section */
		BCBB7DE6285C458A0067A139 /* CopyFiles */ = {
			isa = PBXCopyFilesBuildPhase;
			buildActionMask = 2147483647;
			dstPath = /usr/share/man/man1/;
			dstSubfolderSpec = 0;
			files = (
			);
			runOnlyForDeploymentPostprocessing = 1;
		};
/* End PBXCopyFilesBuildPhase section */

/* Begin PBXFileReference section */
		BCBB7DE8285C458A0067A139 /* NIOTest */ = {isa = PBXFileReference; explicitFileType = "compiled.mach-o.executable"; includeInIndex = 0; path = NIOTest; sourceTree = BUILT_PRODUCTS_DIR; };
		BCBB7DEB285C458A0067A139 /* main.swift */ = {isa = PBXFileReference; lastKnownFileType = sourcecode.swift; path = main.swift; sourceTree = "<group>"; };
		BCE59B74285C4AB9006F5029 /* TestClientChannelHandler.swift */ = {isa = PBXFileReference; lastKnownFileType = sourcecode.swift; path = TestClientChannelHandler.swift; sourceTree = "<group>"; };
		BCE59B76285C4BEE006F5029 /* TcpClient.swift */ = {isa = PBXFileReference; lastKnownFileType = sourcecode.swift; path = TcpClient.swift; sourceTree = "<group>"; };
/* End PBXFileReference section */

/* Begin PBXFrameworksBuildPhase section */
		BCBB7DE5285C458A0067A139 /* Frameworks */ = {
			isa = PBXFrameworksBuildPhase;
			buildActionMask = 2147483647;
			files = (
				BCE59B73285C4A91006F5029 /* NIO in Frameworks */,
				BCBB7DF4285C46420067A139 /* NIO in Frameworks */,
			);
			runOnlyForDeploymentPostprocessing = 0;
		};
/* End PBXFrameworksBuildPhase section */

/* Begin PBXGroup section */
		BCBB7DDF285C458A0067A139 = {
			isa = PBXGroup;
			children = (
				BCBB7DEA285C458A0067A139 /* NIOTest */,
				BCBB7DE9285C458A0067A139 /* Products */,
			);
			sourceTree = "<group>";
		};
		BCBB7DE9285C458A0067A139 /* Products */ = {
			isa = PBXGroup;
			children = (
				BCBB7DE8285C458A0067A139 /* NIOTest */,
			);
			name = Products;
			sourceTree = "<group>";
		};
		BCBB7DEA285C458A0067A139 /* NIOTest */ = {
			isa = PBXGroup;
			children = (
				BCBB7DEB285C458A0067A139 /* main.swift */,
				BCE59B74285C4AB9006F5029 /* TestClientChannelHandler.swift */,
				BCE59B76285C4BEE006F5029 /* TcpClient.swift */,
			);
			path = NIOTest;
			sourceTree = "<group>";
		};
/* End PBXGroup section */

/* Begin PBXNativeTarget section */
		BCBB7DE7285C458A0067A139 /* NIOTest */ = {
			isa = PBXNativeTarget;
			buildConfigurationList = BCBB7DEF285C458A0067A139 /* Build configuration list for PBXNativeTarget "NIOTest" */;
			buildPhases = (
				BCBB7DE4285C458A0067A139 /* Sources */,
				BCBB7DE5285C458A0067A139 /* Frameworks */,
				BCBB7DE6285C458A0067A139 /* CopyFiles */,
			);
			buildRules = (
			);
			dependencies = (
			);
			name = NIOTest;
			packageProductDependencies = (
				BCBB7DF3285C46420067A139 /* NIO */,
				BCE59B72285C4A91006F5029 /* NIO */,
			);
			productName = NIOTest;
			productReference = BCBB7DE8285C458A0067A139 /* NIOTest */;
			productType = "com.apple.product-type.tool";
		};
/* End PBXNativeTarget section */

/* Begin PBXProject section */
		BCBB7DE0285C458A0067A139 /* Project object */ = {
			isa = PBXProject;
			attributes = {
				BuildIndependentTargetsInParallel = 1;
				LastSwiftUpdateCheck = 1340;
				LastUpgradeCheck = 1340;
				TargetAttributes = {
					BCBB7DE7285C458A0067A139 = {
						CreatedOnToolsVersion = 13.4.1;
					};
				};
			};
			buildConfigurationList = BCBB7DE3285C458A0067A139 /* Build configuration list for PBXProject "NIOTest" */;
			compatibilityVersion = "Xcode 13.0";
			developmentRegion = en;
			hasScannedForEncodings = 0;
			knownRegions = (
				en,
				Base,
			);
			mainGroup = BCBB7DDF285C458A0067A139;
			packageReferences = (
				BCBB7DF2285C46420067A139 /* XCRemoteSwiftPackageReference "swift-nio" */,
				BCE59B71285C4A91006F5029 /* XCRemoteSwiftPackageReference "swift-nio" */,
			);
			productRefGroup = BCBB7DE9285C458A0067A139 /* Products */;
			projectDirPath = "";
			projectRoot = "";
			targets = (
				BCBB7DE7285C458A0067A139 /* NIOTest */,
			);
		};
/* End PBXProject section */

/* Begin PBXSourcesBuildPhase section */
		BCBB7DE4285C458A0067A139 /* Sources */ = {
			isa = PBXSourcesBuildPhase;
			buildActionMask = 2147483647;
			files = (
				BCBB7DEC285C458A0067A139 /* main.swift in Sources */,
				BCE59B75285C4AB9006F5029 /* TestClientChannelHandler.swift in Sources */,
				BCE59B77285C4BEE006F5029 /* TcpClient.swift in Sources */,
			);
			runOnlyForDeploymentPostprocessing = 0;
		};
/* End PBXSourcesBuildPhase section */

/* Begin XCBuildConfiguration section */
		BCBB7DED285C458A0067A139 /* Debug */ = {
			isa = XCBuildConfiguration;
			buildSettings = {
				ALWAYS_SEARCH_USER_PATHS = NO;
				CLANG_ANALYZER_NONNULL = YES;
				CLANG_ANALYZER_NUMBER_OBJECT_CONVERSION = YES_AGGRESSIVE;
				CLANG_CXX_LANGUAGE_STANDARD = "gnu++17";
				CLANG_ENABLE_MODULES = YES;
				CLANG_ENABLE_OBJC_ARC = YES;
				CLANG_ENABLE_OBJC_WEAK = YES;
				CLANG_WARN_BLOCK_CAPTURE_AUTORELEASING = YES;
				CLANG_WARN_BOOL_CONVERSION = YES;
				CLANG_WARN_COMMA = YES;
				CLANG_WARN_CONSTANT_CONVERSION = YES;
				CLANG_WARN_DEPRECATED_OBJC_IMPLEMENTATIONS = YES;
				CLANG_WARN_DIRECT_OBJC_ISA_USAGE = YES_ERROR;
				CLANG_WARN_DOCUMENTATION_COMMENTS = YES;
				CLANG_WARN_EMPTY_BODY = YES;
				CLANG_WARN_ENUM_CONVERSION = YES;
				CLANG_WARN_INFINITE_RECURSION = YES;
				CLANG_WARN_INT_CONVERSION = YES;
				CLANG_WARN_NON_LITERAL_NULL_CONVERSION = YES;
				CLANG_WARN_OBJC_IMPLICIT_RETAIN_SELF = YES;
				CLANG_WARN_OBJC_LITERAL_CONVERSION = YES;
				CLANG_WARN_OBJC_ROOT_CLASS = YES_ERROR;
				CLANG_WARN_QUOTED_INCLUDE_IN_FRAMEWORK_HEADER = YES;
				CLANG_WARN_RANGE_LOOP_ANALYSIS = YES;
				CLANG_WARN_STRICT_PROTOTYPES = YES;
				CLANG_WARN_SUSPICIOUS_MOVE = YES;
				CLANG_WARN_UNGUARDED_AVAILABILITY = YES_AGGRESSIVE;
				CLANG_WARN_UNREACHABLE_CODE = YES;
				CLANG_WARN__DUPLICATE_METHOD_MATCH = YES;
				COPY_PHASE_STRIP = NO;
				DEBUG_INFORMATION_FORMAT = dwarf;
				ENABLE_STRICT_OBJC_MSGSEND = YES;
				ENABLE_TESTABILITY = YES;
				GCC_C_LANGUAGE_STANDARD = gnu11;
				GCC_DYNAMIC_NO_PIC = NO;
				GCC_NO_COMMON_BLOCKS = YES;
				GCC_OPTIMIZATION_LEVEL = 0;
				GCC_PREPROCESSOR_DEFINITIONS = (
					"DEBUG=1",
					"$(inherited)",
				);
				GCC_WARN_64_TO_32_BIT_CONVERSION = YES;
				GCC_WARN_ABOUT_RETURN_TYPE = YES_ERROR;
				GCC_WARN_UNDECLARED_SELECTOR = YES;
				GCC_WARN_UNINITIALIZED_AUTOS = YES_AGGRESSIVE;
				GCC_WARN_UNUSED_FUNCTION = YES;
				GCC_WARN_UNUSED_VARIABLE = YES;
				MACOSX_DEPLOYMENT_TARGET = 12.3;
				MTL_ENABLE_DEBUG_INFO = INCLUDE_SOURCE;
				MTL_FAST_MATH = YES;
				ONLY_ACTIVE_ARCH = YES;
				SDKROOT = macosx;
				SWIFT_ACTIVE_COMPILATION_CONDITIONS = DEBUG;
				SWIFT_OPTIMIZATION_LEVEL = "-Onone";
			};
			name = Debug;
		};
		BCBB7DEE285C458A0067A139 /* Release */ = {
			isa = XCBuildConfiguration;
			buildSettings = {
				ALWAYS_SEARCH_USER_PATHS = NO;
				CLANG_ANALYZER_NONNULL = YES;
				CLANG_ANALYZER_NUMBER_OBJECT_CONVERSION = YES_AGGRESSIVE;
				CLANG_CXX_LANGUAGE_STANDARD = "gnu++17";
				CLANG_ENABLE_MODULES = YES;
				CLANG_ENABLE_OBJC_ARC = YES;
				CLANG_ENABLE_OBJC_WEAK = YES;
				CLANG_WARN_BLOCK_CAPTURE_AUTORELEASING = YES;
				CLANG_WARN_BOOL_CONVERSION = YES;
				CLANG_WARN_COMMA = YES;
				CLANG_WARN_CONSTANT_CONVERSION = YES;
				CLANG_WARN_DEPRECATED_OBJC_IMPLEMENTATIONS = YES;
				CLANG_WARN_DIRECT_OBJC_ISA_USAGE = YES_ERROR;
				CLANG_WARN_DOCUMENTATION_COMMENTS = YES;
				CLANG_WARN_EMPTY_BODY = YES;
				CLANG_WARN_ENUM_CONVERSION = YES;
				CLANG_WARN_INFINITE_RECURSION = YES;
				CLANG_WARN_INT_CONVERSION = YES;
				CLANG_WARN_NON_LITERAL_NULL_CONVERSION = YES;
				CLANG_WARN_OBJC_IMPLICIT_RETAIN_SELF = YES;
				CLANG_WARN_OBJC_LITERAL_CONVERSION = YES;
				CLANG_WARN_OBJC_ROOT_CLASS = YES_ERROR;
				CLANG_WARN_QUOTED_INCLUDE_IN_FRAMEWORK_HEADER = YES;
				CLANG_WARN_RANGE_LOOP_ANALYSIS = YES;
				CLANG_WARN_STRICT_PROTOTYPES = YES;
				CLANG_WARN_SUSPICIOUS_MOVE = YES;
				CLANG_WARN_UNGUARDED_AVAILABILITY = YES_AGGRESSIVE;
				CLANG_WARN_UNREACHABLE_CODE = YES;
				CLANG_WARN__DUPLICATE_METHOD_MATCH = YES;
				COPY_PHASE_STRIP = NO;
				DEBUG_INFORMATION_FORMAT = "dwarf-with-dsym";
				ENABLE_NS_ASSERTIONS = NO;
				ENABLE_STRICT_OBJC_MSGSEND = YES;
				GCC_C_LANGUAGE_STANDARD = gnu11;
				GCC_NO_COMMON_BLOCKS = YES;
				GCC_WARN_64_TO_32_BIT_CONVERSION = YES;
				GCC_WARN_ABOUT_RETURN_TYPE = YES_ERROR;
				GCC_WARN_UNDECLARED_SELECTOR = YES;
				GCC_WARN_UNINITIALIZED_AUTOS = YES_AGGRESSIVE;
				GCC_WARN_UNUSED_FUNCTION = YES;
				GCC_WARN_UNUSED_VARIABLE = YES;
				MACOSX_DEPLOYMENT_TARGET = 12.3;
				MTL_ENABLE_DEBUG_INFO = NO;
				MTL_FAST_MATH = YES;
				SDKROOT = macosx;
				SWIFT_COMPILATION_MODE = wholemodule;
				SWIFT_OPTIMIZATION_LEVEL = "-O";
			};
			name = Release;
		};
		BCBB7DF0285C458A0067A139 /* Debug */ = {
			isa = XCBuildConfiguration;
			buildSettings = {
				CODE_SIGN_STYLE = Automatic;
				PRODUCT_NAME = "$(TARGET_NAME)";
				SWIFT_VERSION = 5.0;
			};
			name = Debug;
		};
		BCBB7DF1285C458A0067A139 /* Release */ = {
			isa = XCBuildConfiguration;
			buildSettings = {
				CODE_SIGN_STYLE = Automatic;
				PRODUCT_NAME = "$(TARGET_NAME)";
				SWIFT_VERSION = 5.0;
			};
			name = Release;
		};
/* End XCBuildConfiguration section */

/* Begin XCConfigurationList section */
		BCBB7DE3285C458A0067A139 /* Build configuration list for PBXProject "NIOTest" */ = {
			isa = XCConfigurationList;
			buildConfigurations = (
				BCBB7DED285C458A0067A139 /* Debug */,
				BCBB7DEE285C458A0067A139 /* Release */,
			);
			defaultConfigurationIsVisible = 0;
			defaultConfigurationName = Release;
		};
		BCBB7DEF285C458A0067A139 /* Build configuration list for PBXNativeTarget "NIOTest" */ = {
			isa = XCConfigurationList;
			buildConfigurations = (
				BCBB7DF0285C458A0067A139 /* Debug */,
				BCBB7DF1285C458A0067A139 /* Release */,
			);
			defaultConfigurationIsVisible = 0;
			defaultConfigurationName = Release;
		};
/* End XCConfigurationList section */

/* Begin XCRemoteSwiftPackageReference section */
		BCBB7DF2285C46420067A139 /* XCRemoteSwiftPackageReference "swift-nio" */ = {
			isa = XCRemoteSwiftPackageReference;
			repositoryURL = "https://github.com/apple/swift-nio.git";
			requirement = {
				kind = upToNextMajorVersion;
				minimumVersion = 2.0.0;
			};
		};
		BCE59B71285C4A91006F5029 /* XCRemoteSwiftPackageReference "swift-nio" */ = {
			isa = XCRemoteSwiftPackageReference;
			repositoryURL = "https://github.com/apple/swift-nio.git";
			requirement = {
				kind = upToNextMajorVersion;
				minimumVersion = 2.0.0;
			};
		};
/* End XCRemoteSwiftPackageReference section */

/* Begin XCSwiftPackageProductDependency section */
		BCBB7DF3285C46420067A139 /* NIO */ = {
			isa = XCSwiftPackageProductDependency;
			package = BCBB7DF2285C46420067A139 /* XCRemoteSwiftPackageReference "swift-nio" */;
			productName = NIO;
		};
		BCE59B72285C4A91006F5029 /* NIO */ = {
			isa = XCSwiftPackageProductDependency;
			package = BCBB7DF2285C46420067A139 /* XCRemoteSwiftPackageReference "swift-nio" */;
			productName = NIO;
		};
/* End XCSwiftPackageProductDependency section */
	};
	rootObject = BCBB7DE0285C458A0067A139 /* Project object */;
}
